
Microsoft Visual Studio Solution File, Format Version 12.00
# Visual Studio Version 17
VisualStudioVersion = 17.3.32505.426
MinimumVisualStudioVersion = 10.0.40219.1
Project("{9A19103F-16F7-4668-BE54-9A1E7A4F7556}") = "EuclidsPolynomialsEqSolver", "EuclidsPolynomialsEqSolver.csproj", "{C148BED2-A759-4D77-951B-5543CF62DDBA}"
EndProject
Project("{FAE04EC0-301F-11D3-BF4B-00C04F79EFBC}") = "DiscreteMaths", "DiscreteMaths\DiscreteMaths.csproj", "{484CD966-46F9-4EA9-9C92-A803FE8FEBDF}"
EndProject
Project("{9A19103F-16F7-4668-BE54-9A1E7A4F7556}") = "Kit", "..\..\Kit\Kit\Kit.csproj", "{8144301B-7DA0-4398-991B-333979998C58}"
EndProject
Project("{FAE04EC0-301F-11D3-BF4B-00C04F79EFBC}") = "Test", "..\Test\Test.csproj", "{50EF2CBA-AC41-4FD8-913B-A8C2DCB91E0B}"
EndProject
Global
	GlobalSection(SolutionConfigurationPlatforms) = preSolution
		Debug|Any CPU = Debug|Any CPU
		Debug|x64 = Debug|x64
		Debug2|Any CPU = Debug2|Any CPU
		Debug2|x64 = Debug2|x64
		Gorilla|Any CPU = Gorilla|Any CPU
		Gorilla|x64 = Gorilla|x64
		Release|Any CPU = Release|Any CPU
		Release|x64 = Release|x64
		x64|Any CPU = x64|Any CPU
		x64|x64 = x64|x64
	EndGlobalSection
	GlobalSection(ProjectConfigurationPlatforms) = postSolution
		{C148BED2-A759-4D77-951B-5543CF62DDBA}.Debug|Any CPU.ActiveCfg = Debug|Any CPU
		{C148BED2-A759-4D77-951B-5543CF62DDBA}.Debug|Any CPU.Build.0 = Debug|Any CPU
		{C148BED2-A759-4D77-951B-5543CF62DDBA}.Debug|x64.ActiveCfg = Debug|Any CPU
		{C148BED2-A759-4D77-951B-5543CF62DDBA}.Debug|x64.Build.0 = Debug|Any CPU
		{C148BED2-A759-4D77-951B-5543CF62DDBA}.Debug2|Any CPU.ActiveCfg = Debug|Any CPU
		{C148BED2-A759-4D77-951B-5543CF62DDBA}.Debug2|Any CPU.Build.0 = Debug|Any CPU
		{C148BED2-A759-4D77-951B-5543CF62DDBA}.Debug2|x64.ActiveCfg = Debug|Any CPU
		{C148BED2-A759-4D77-951B-5543CF62DDBA}.Debug2|x64.Build.0 = Debug|Any CPU
		{C148BED2-A759-4D77-951B-5543CF62DDBA}.Gorilla|Any CPU.ActiveCfg = Release|Any CPU
		{C148BED2-A759-4D77-951B-5543CF62DDBA}.Gorilla|Any CPU.Build.0 = Release|Any CPU
		{C148BED2-A759-4D77-951B-5543CF62DDBA}.Gorilla|x64.ActiveCfg = Release|Any CPU
		{C148BED2-A759-4D77-951B-5543CF62DDBA}.Gorilla|x64.Build.0 = Release|Any CPU
		{C148BED2-A759-4D77-951B-5543CF62DDBA}.Release|Any CPU.ActiveCfg = Release|Any CPU
		{C148BED2-A759-4D77-951B-5543CF62DDBA}.Release|Any CPU.Build.0 = Release|Any CPU
		{C148BED2-A759-4D77-951B-5543CF62DDBA}.Release|x64.ActiveCfg = Release|Any CPU
		{C148BED2-A759-4D77-951B-5543CF62DDBA}.Release|x64.Build.0 = Release|Any CPU
		{C148BED2-A759-4D77-951B-5543CF62DDBA}.x64|Any CPU.ActiveCfg = Release|Any CPU
		{C148BED2-A759-4D77-951B-5543CF62DDBA}.x64|Any CPU.Build.0 = Release|Any CPU
		{C148BED2-A759-4D77-951B-5543CF62DDBA}.x64|x64.ActiveCfg = Release|Any CPU
		{C148BED2-A759-4D77-951B-5543CF62DDBA}.x64|x64.Build.0 = Release|Any CPU
		{484CD966-46F9-4EA9-9C92-A803FE8FEBDF}.Debug|Any CPU.ActiveCfg = Debug|Any CPU
		{484CD966-46F9-4EA9-9C92-A803FE8FEBDF}.Debug|Any CPU.Build.0 = Debug|Any CPU
		{484CD966-46F9-4EA9-9C92-A803FE8FEBDF}.Debug|x64.ActiveCfg = Debug|Any CPU
		{484CD966-46F9-4EA9-9C92-A803FE8FEBDF}.Debug|x64.Build.0 = Debug|Any CPU
		{484CD966-46F9-4EA9-9C92-A803FE8FEBDF}.Debug2|Any CPU.ActiveCfg = Debug|Any CPU
		{484CD966-46F9-4EA9-9C92-A803FE8FEBDF}.Debug2|Any CPU.Build.0 = Debug|Any CPU
		{484CD966-46F9-4EA9-9C92-A803FE8FEBDF}.Debug2|x64.ActiveCfg = Debug|Any CPU
		{484CD966-46F9-4EA9-9C92-A803FE8FEBDF}.Debug2|x64.Build.0 = Debug|Any CPU
		{484CD966-46F9-4EA9-9C92-A803FE8FEBDF}.Gorilla|Any CPU.ActiveCfg = Debug|Any CPU
		{484CD966-46F9-4EA9-9C92-A803FE8FEBDF}.Gorilla|Any CPU.Build.0 = Debug|Any CPU
		{484CD966-46F9-4EA9-9C92-A803FE8FEBDF}.Gorilla|x64.ActiveCfg = Debug|Any CPU
		{484CD966-46F9-4EA9-9C92-A803FE8FEBDF}.Gorilla|x64.Build.0 = Debug|Any CPU
		{484CD966-46F9-4EA9-9C92-A803FE8FEBDF}.Release|Any CPU.ActiveCfg = Release|Any CPU
		{484CD966-46F9-4EA9-9C92-A803FE8FEBDF}.Release|Any CPU.Build.0 = Release|Any CPU
		{484CD966-46F9-4EA9-9C92-A803FE8FEBDF}.Release|x64.ActiveCfg = Release|Any CPU
		{484CD966-46F9-4EA9-9C92-A803FE8FEBDF}.Release|x64.Build.0 = Release|Any CPU
		{484CD966-46F9-4EA9-9C92-A803FE8FEBDF}.x64|Any CPU.ActiveCfg = Debug|Any CPU
		{484CD966-46F9-4EA9-9C92-A803FE8FEBDF}.x64|Any CPU.Build.0 = Debug|Any CPU
		{484CD966-46F9-4EA9-9C92-A803FE8FEBDF}.x64|x64.ActiveCfg = Debug|Any CPU
		{484CD966-46F9-4EA9-9C92-A803FE8FEBDF}.x64|x64.Build.0 = Debug|Any CPU
		{8144301B-7DA0-4398-991B-333979998C58}.Debug|Any CPU.ActiveCfg = Debug|Any CPU
		{8144301B-7DA0-4398-991B-333979998C58}.Debug|Any CPU.Build.0 = Debug|Any CPU
		{8144301B-7DA0-4398-991B-333979998C58}.Debug|x64.ActiveCfg = Debug|x64
		{8144301B-7DA0-4398-991B-333979998C58}.Debug|x64.Build.0 = Debug|x64
		{8144301B-7DA0-4398-991B-333979998C58}.Debug2|Any CPU.ActiveCfg = Debug2|Any CPU
		{8144301B-7DA0-4398-991B-333979998C58}.Debug2|Any CPU.Build.0 = Debug2|Any CPU
		{8144301B-7DA0-4398-991B-333979998C58}.Debug2|x64.ActiveCfg = Debug2|x64
		{8144301B-7DA0-4398-991B-333979998C58}.Debug2|x64.Build.0 = Debug2|x64
		{8144301B-7DA0-4398-991B-333979998C58}.Gorilla|Any CPU.ActiveCfg = Gorilla|Any CPU
		{8144301B-7DA0-4398-991B-333979998C58}.Gorilla|Any CPU.Build.0 = Gorilla|Any CPU
		{8144301B-7DA0-4398-991B-333979998C58}.Gorilla|x64.ActiveCfg = Gorilla|x64
		{8144301B-7DA0-4398-991B-333979998C58}.Gorilla|x64.Build.0 = Gorilla|x64
		{8144301B-7DA0-4398-991B-333979998C58}.Release|Any CPU.ActiveCfg = Release|Any CPU
		{8144301B-7DA0-4398-991B-333979998C58}.Release|Any CPU.Build.0 = Release|Any CPU
		{8144301B-7DA0-4398-991B-333979998C58}.Release|x64.ActiveCfg = Release|x64
		{8144301B-7DA0-4398-991B-333979998C58}.Release|x64.Build.0 = Release|x64
		{8144301B-7DA0-4398-991B-333979998C58}.x64|Any CPU.ActiveCfg = x64|Any CPU
		{8144301B-7DA0-4398-991B-333979998C58}.x64|Any CPU.Build.0 = x64|Any CPU
		{8144301B-7DA0-4398-991B-333979998C58}.x64|x64.ActiveCfg = x64|x64
		{8144301B-7DA0-4398-991B-333979998C58}.x64|x64.Build.0 = x64|x64
		{50EF2CBA-AC41-4FD8-913B-A8C2DCB91E0B}.Debug|Any CPU.ActiveCfg = Debug|Any CPU
		{50EF2CBA-AC41-4FD8-913B-A8C2DCB91E0B}.Debug|Any CPU.Build.0 = Debug|Any CPU
		{50EF2CBA-AC41-4FD8-913B-A8C2DCB91E0B}.Debug|x64.ActiveCfg = Debug|Any CPU
		{50EF2CBA-AC41-4FD8-913B-A8C2DCB91E0B}.Debug|x64.Build.0 = Debug|Any CPU
		{50EF2CBA-AC41-4FD8-913B-A8C2DCB91E0B}.Debug2|Any CPU.ActiveCfg = Debug|Any CPU
		{50EF2CBA-AC41-4FD8-913B-A8C2DCB91E0B}.Debug2|Any CPU.Build.0 = Debug|Any CPU
		{50EF2CBA-AC41-4FD8-913B-A8C2DCB91E0B}.Debug2|x64.ActiveCfg = Debug|Any CPU
		{50EF2CBA-AC41-4FD8-913B-A8C2DCB91E0B}.Debug2|x64.Build.0 = Debug|Any CPU
		{50EF2CBA-AC41-4FD8-913B-A8C2DCB91E0B}.Gorilla|Any CPU.ActiveCfg = Debug|Any CPU
		{50EF2CBA-AC41-4FD8-913B-A8C2DCB91E0B}.Gorilla|Any CPU.Build.0 = Debug|Any CPU
		{50EF2CBA-AC41-4FD8-913B-A8C2DCB91E0B}.Gorilla|x64.ActiveCfg = Debug|Any CPU
		{50EF2CBA-AC41-4FD8-913B-A8C2DCB91E0B}.Gorilla|x64.Build.0 = Debug|Any CPU
		{50EF2CBA-AC41-4FD8-913B-A8C2DCB91E0B}.Release|Any CPU.ActiveCfg = Release|Any CPU
		{50EF2CBA-AC41-4FD8-913B-A8C2DCB91E0B}.Release|Any CPU.Build.0 = Release|Any CPU
		{50EF2CBA-AC41-4FD8-913B-A8C2DCB91E0B}.Release|x64.ActiveCfg = Release|Any CPU
		{50EF2CBA-AC41-4FD8-913B-A8C2DCB91E0B}.Release|x64.Build.0 = Release|Any CPU
		{50EF2CBA-AC41-4FD8-913B-A8C2DCB91E0B}.x64|Any CPU.ActiveCfg = Debug|Any CPU
		{50EF2CBA-AC41-4FD8-913B-A8C2DCB91E0B}.x64|Any CPU.Build.0 = Debug|Any CPU
		{50EF2CBA-AC41-4FD8-913B-A8C2DCB91E0B}.x64|x64.ActiveCfg = Debug|Any CPU
		{50EF2CBA-AC41-4FD8-913B-A8C2DCB91E0B}.x64|x64.Build.0 = Debug|Any CPU
	EndGlobalSection
	GlobalSection(SolutionProperties) = preSolution
		HideSolutionNode = FALSE
	EndGlobalSection
	GlobalSection(ExtensibilityGlobals) = postSolution
		SolutionGuid = {1DF5B376-76C9-4727-9131-390AC04CE40D}
	EndGlobalSection
EndGlobal
